PODS:
  - Kingfisher (4.5.0)
  - SnapKit (4.0.0)
  - SwiftyJSON (4.0.0)
  - Toaster (2.1.1)

DEPENDENCIES:
  - Kingfisher
  - SnapKit
  - SwiftyJSON
  - Toaster (from `https://github.com/devxoul/Toaster.git`, commit `abbc037f422b9157c5488b7671ec76fc72549224`)

EXTERNAL SOURCES:
  Toaster:
    :commit: abbc037f422b9157c5488b7671ec76fc72549224
    :git: https://github.com/devxoul/Toaster.git

CHECKOUT OPTIONS:
  Toaster:
    :commit: abbc037f422b9157c5488b7671ec76fc72549224
    :git: https://github.com/devxoul/Toaster.git

SPEC CHECKSUMS:
  Kingfisher: 26ae0473102b77b575da51960c932431e3745407
  SnapKit: a42d492c16e80209130a3379f73596c3454b7694
  SwiftyJSON: 070dabdcb1beb81b247c65ffa3a79dbbfb3b48aa
  Toaster: 683521465d8d4d684baca3b55cd248030b51e813

PODFILE CHECKSUM: 3efc0847cf2968675ab2e786a5e0d08cc88b8e7c

COCOAPODS: 1.0.0
